
Microsoft Visual Studio Solution File, Format Version 12.00
# Visual Studio 2012
Project("{FAE04EC0-301F-11D3-BF4B-00C04F79EFBC}") = "HelloWorld", "HelloWorld\HelloWorld.csproj", "{38628A8A-67F2-4A6D-BD4F-934571E56188}"
EndProject
Global
	GlobalSection(SolutionConfigurationPlatforms) = preSolution
		Debug|x86 = Debug|x86
		Release|x86 = Release|x86
	EndGlobalSection
	GlobalSection(ProjectConfigurationPlatforms) = postSolution
		{38628A8A-67F2-4A6D-BD4F-934571E56188}.Debug|x86.ActiveCfg = Debug|x86
		{38628A8A-67F2-4A6D-BD4F-934571E56188}.Debug|x86.Build.0 = Debug|x86
		{38628A8A-67F2-4A6D-BD4F-934571E56188}.Release|x86.ActiveCfg = Release|x86
		{38628A8A-67F2-4A6D-BD4F-934571E56188}.Release|x86.Build.0 = Release|x86
	EndGlobalSection
EndGlobal
